
Microsoft Visual Studio Solution File, Format Version 12.00
# Visual Studio Version 17
VisualStudioVersion = 17.5.002.0
MinimumVisualStudioVersion = 10.0.40219.1
Project("{9A19103F-16F7-4668-BE54-9A1E7A4F7556}") = "aula13_OTO", "aula13_OTO.csproj", "{630C079D-021B-4944-99F7-EE3441AAD506}"
EndProject
Global
	GlobalSection(SolutionConfigurationPlatforms) = preSolution
		Debug|Any CPU = Debug|Any CPU
		Release|Any CPU = Release|Any CPU
	EndGlobalSection
	GlobalSection(ProjectConfigurationPlatforms) = postSolution
		{630C079D-021B-4944-99F7-EE3441AAD506}.Debug|Any CPU.ActiveCfg = Debug|Any CPU
		{630C079D-021B-4944-99F7-EE3441AAD506}.Debug|Any CPU.Build.0 = Debug|Any CPU
		{630C079D-021B-4944-99F7-EE3441AAD506}.Release|Any CPU.ActiveCfg = Release|Any CPU
		{630C079D-021B-4944-99F7-EE3441AAD506}.Release|Any CPU.Build.0 = Release|Any CPU
	EndGlobalSection
	GlobalSection(SolutionProperties) = preSolution
		HideSolutionNode = FALSE
	EndGlobalSection
	GlobalSection(ExtensibilityGlobals) = postSolution
		SolutionGuid = {E20A2285-60D2-4CDF-A65D-3CAD90E891F8}
	EndGlobalSection
EndGlobal
